
Microsoft Visual Studio Solution File, Format Version 12.00
# Visual Studio Version 17
VisualStudioVersion = 17.5.33530.505
MinimumVisualStudioVersion = 10.0.40219.1
Project("{FAE04EC0-301F-11D3-BF4B-00C04F79EFBC}") = "9FindLongestSub-stringLengthWithKDistinctCharacters", "9FindLongestSub-stringLengthWithKDistinctCharacters.csproj", "{91C8BBEC-39DE-436B-8992-7DCF24A8BAD2}"
EndProject
Global
	GlobalSection(SolutionConfigurationPlatforms) = preSolution
		Debug|Any CPU = Debug|Any CPU
		Release|Any CPU = Release|Any CPU
	EndGlobalSection
	GlobalSection(ProjectConfigurationPlatforms) = postSolution
		{91C8BBEC-39DE-436B-8992-7DCF24A8BAD2}.Debug|Any CPU.ActiveCfg = Debug|Any CPU
		{91C8BBEC-39DE-436B-8992-7DCF24A8BAD2}.Debug|Any CPU.Build.0 = Debug|Any CPU
		{91C8BBEC-39DE-436B-8992-7DCF24A8BAD2}.Release|Any CPU.ActiveCfg = Release|Any CPU
		{91C8BBEC-39DE-436B-8992-7DCF24A8BAD2}.Release|Any CPU.Build.0 = Release|Any CPU
	EndGlobalSection
	GlobalSection(SolutionProperties) = preSolution
		HideSolutionNode = FALSE
	EndGlobalSection
	GlobalSection(ExtensibilityGlobals) = postSolution
		SolutionGuid = {3CF46ADC-566B-478C-AAB4-07E6DE976AEA}
	EndGlobalSection
EndGlobal
