
Microsoft Visual Studio Solution File, Format Version 12.00
# Visual Studio Version 17
VisualStudioVersion = 17.5.33530.505
MinimumVisualStudioVersion = 10.0.40219.1
Project("{FAE04EC0-301F-11D3-BF4B-00C04F79EFBC}") = "17GetMostFrequentWordInString", "17GetMostFrequentWordInString.csproj", "{FF50C150-CF8F-4056-B07E-E31543FCF39D}"
EndProject
Global
	GlobalSection(SolutionConfigurationPlatforms) = preSolution
		Debug|Any CPU = Debug|Any CPU
		Release|Any CPU = Release|Any CPU
	EndGlobalSection
	GlobalSection(ProjectConfigurationPlatforms) = postSolution
		{FF50C150-CF8F-4056-B07E-E31543FCF39D}.Debug|Any CPU.ActiveCfg = Debug|Any CPU
		{FF50C150-CF8F-4056-B07E-E31543FCF39D}.Debug|Any CPU.Build.0 = Debug|Any CPU
		{FF50C150-CF8F-4056-B07E-E31543FCF39D}.Release|Any CPU.ActiveCfg = Release|Any CPU
		{FF50C150-CF8F-4056-B07E-E31543FCF39D}.Release|Any CPU.Build.0 = Release|Any CPU
	EndGlobalSection
	GlobalSection(SolutionProperties) = preSolution
		HideSolutionNode = FALSE
	EndGlobalSection
	GlobalSection(ExtensibilityGlobals) = postSolution
		SolutionGuid = {40E29659-3765-4D8C-8C8F-E51795016258}
	EndGlobalSection
EndGlobal
