
Microsoft Visual Studio Solution File, Format Version 12.00
# Visual Studio Version 17
VisualStudioVersion = 17.5.33530.505
MinimumVisualStudioVersion = 10.0.40219.1
Project("{FAE04EC0-301F-11D3-BF4B-00C04F79EFBC}") = "10LongestSub-stringLengthWithNoRepeatingCharacters", "10LongestSub-stringLengthWithNoRepeatingCharacters.csproj", "{C7DF1F4F-E345-49E3-8397-C662DDE398EA}"
EndProject
Global
	GlobalSection(SolutionConfigurationPlatforms) = preSolution
		Debug|Any CPU = Debug|Any CPU
		Release|Any CPU = Release|Any CPU
	EndGlobalSection
	GlobalSection(ProjectConfigurationPlatforms) = postSolution
		{C7DF1F4F-E345-49E3-8397-C662DDE398EA}.Debug|Any CPU.ActiveCfg = Debug|Any CPU
		{C7DF1F4F-E345-49E3-8397-C662DDE398EA}.Debug|Any CPU.Build.0 = Debug|Any CPU
		{C7DF1F4F-E345-49E3-8397-C662DDE398EA}.Release|Any CPU.ActiveCfg = Release|Any CPU
		{C7DF1F4F-E345-49E3-8397-C662DDE398EA}.Release|Any CPU.Build.0 = Release|Any CPU
	EndGlobalSection
	GlobalSection(SolutionProperties) = preSolution
		HideSolutionNode = FALSE
	EndGlobalSection
	GlobalSection(ExtensibilityGlobals) = postSolution
		SolutionGuid = {0DBAF108-7E1D-4D13-93B8-0E8D6767AAF5}
	EndGlobalSection
EndGlobal
