
Microsoft Visual Studio Solution File, Format Version 12.00
# Visual Studio Version 17
VisualStudioVersion = 17.5.33530.505
MinimumVisualStudioVersion = 10.0.40219.1
Project("{FAE04EC0-301F-11D3-BF4B-00C04F79EFBC}") = "12.CheckIfStringContainsAnyPermutationOR AnagramOfGivenPattern", "12.CheckIfStringContainsAnyPermutationOR AnagramOfGivenPattern.csproj", "{22E18BD6-D1A9-43BE-9D85-9342AD2FAB6E}"
EndProject
Global
	GlobalSection(SolutionConfigurationPlatforms) = preSolution
		Debug|Any CPU = Debug|Any CPU
		Release|Any CPU = Release|Any CPU
	EndGlobalSection
	GlobalSection(ProjectConfigurationPlatforms) = postSolution
		{22E18BD6-D1A9-43BE-9D85-9342AD2FAB6E}.Debug|Any CPU.ActiveCfg = Debug|Any CPU
		{22E18BD6-D1A9-43BE-9D85-9342AD2FAB6E}.Debug|Any CPU.Build.0 = Debug|Any CPU
		{22E18BD6-D1A9-43BE-9D85-9342AD2FAB6E}.Release|Any CPU.ActiveCfg = Release|Any CPU
		{22E18BD6-D1A9-43BE-9D85-9342AD2FAB6E}.Release|Any CPU.Build.0 = Release|Any CPU
	EndGlobalSection
	GlobalSection(SolutionProperties) = preSolution
		HideSolutionNode = FALSE
	EndGlobalSection
	GlobalSection(ExtensibilityGlobals) = postSolution
		SolutionGuid = {4F11B437-F5DA-4764-A6BF-4417718955BC}
	EndGlobalSection
EndGlobal
